# Generated by pub
# See https://dart.dev/tools/pub/glossary#lockfile
packages:
  clock:
    dependency: transitive
    description:
      name: clock
      sha256: fddb70d9b5277016c77a80201021d40a2247104d9f4aa7bab7157b7e3f05b84b
      url: "https://pub.dev"
    source: hosted
    version: "1.1.2"
  duration:
    dependency: transitive
    description:
      name: duration
      sha256: "8b9020df63d2894f29fe250b60ca5b7f9e943d4a3cf766c2b161efeb617a0ea3"
      url: "https://pub.dev"
    source: hosted
    version: "3.0.15"
  grizzly_io:
    dependency: "direct main"
    description:
      path: "."
      ref: HEAD
      resolved-ref: "633f75be9e984035a594ce28ef9b7c17309c4880"
      url: "https://github.com/Grizzly-dart/grizzly_io.git"
    source: git
    version: "4.0.0"
  intl:
    dependency: "direct main"
    description:
      name: intl
      sha256: "3bc132a9dbce73a7e4a21a17d06e1878839ffbf975568bc875c60537824b0c4d"
      url: "https://pub.dev"
    source: hosted
    version: "0.18.1"
  jiffy:
    dependency: "direct main"
    description:
      name: jiffy
      sha256: cc1d4b75016a9156c29b5d61f0c9176c3e0fb0580cc5a0e0422b5d2cab3fbfff
      url: "https://pub.dev"
    source: hosted
    version: "6.2.1"
  js:
    dependency: transitive
    description:
      name: js
      sha256: f2c445dce49627136094980615a031419f7f3eb393237e4ecd97ac15dea343f3
      url: "https://pub.dev"
    source: hosted
    version: "0.6.7"
  js_bindings:
    dependency: transitive
    description:
      name: js_bindings
      sha256: b3374fe1ac1f4a1058f570ab39ae8ada29458c4affaa1ace2772e0abaa5d080f
      url: "https://pub.dev"
    source: hosted
    version: "0.1.2+2"
  lints:
    dependency: "direct dev"
    description:
      name: lints
      sha256: c35bb79562d980e9a453fc715854e1ed39e24e7d0297a880ef54e17f9874a9d7
      url: "https://pub.dev"
    source: hosted
    version: "5.1.1"
  meta:
    dependency: transitive
    description:
      name: meta
      sha256: e3641ec5d63ebf0d9b41bd43201a66e3fc79a65db5f61fc181f04cd27aab950c
      url: "https://pub.dev"
    source: hosted
    version: "1.16.0"
  path:
    dependency: transitive
    description:
      name: path
      sha256: "75cca69d1490965be98c73ceaea117e8a04dd21217b37b292c9ddbec0d955bc5"
      url: "https://pub.dev"
    source: hosted
    version: "1.9.1"
  tuple:
    dependency: "direct main"
    description:
      name: tuple
      sha256: a97ce2013f240b2f3807bcbaf218765b6f301c3eff91092bcfa23a039e7dd151
      url: "https://pub.dev"
    source: hosted
    version: "2.0.2"
sdks:
  dart: ">=3.7.2 <4.0.0"
